
Microsoft Visual Studio Solution File, Format Version 12.00
# Visual Studio Version 16
VisualStudioVersion = 16.0.29709.97
MinimumVisualStudioVersion = 10.0.40219.1
Project("{FAE04EC0-301F-11D3-BF4B-00C04F79EFBC}") = "WpfAppDemo", "WpfAppDemo\WpfAppDemo.csproj", "{6DB4814C-2770-4702-AE67-E789637B6E42}"
EndProject
Global
	GlobalSection(SolutionConfigurationPlatforms) = preSolution
		Debug|Any CPU = Debug|Any CPU
		Release|Any CPU = Release|Any CPU
	EndGlobalSection
	GlobalSection(ProjectConfigurationPlatforms) = postSolution
		{6DB4814C-2770-4702-AE67-E789637B6E42}.Debug|Any CPU.ActiveCfg = Debug|Any CPU
		{6DB4814C-2770-4702-AE67-E789637B6E42}.Debug|Any CPU.Build.0 = Debug|Any CPU
		{6DB4814C-2770-4702-AE67-E789637B6E42}.Release|Any CPU.ActiveCfg = Release|Any CPU
		{6DB4814C-2770-4702-AE67-E789637B6E42}.Release|Any CPU.Build.0 = Release|Any CPU
	EndGlobalSection
	GlobalSection(SolutionProperties) = preSolution
		HideSolutionNode = FALSE
	EndGlobalSection
	GlobalSection(ExtensibilityGlobals) = postSolution
		SolutionGuid = {02921A25-9477-4257-99FA-2FD4D0A15BDA}
	EndGlobalSection
EndGlobal
